{
  "name": "dsh-plugin-codex-project-bridge",
  "version": "0.2.1",
  "lockfileVersion": 3,
  "requires": true,
  "packages": {
    "": {
      "name": "dsh-plugin-codex-project-bridge",
      "version": "0.2.1",
      "license": "MIT",
      "bin": {
        "codex-dsh-bridge": "bin/bridge.mjs"
      },
      "engines": {
        "node": ">=22"
      }
    }
  }
}
